
Microsoft Visual Studio Solution File, Format Version 12.00
# Visual Studio Version 17
VisualStudioVersion = 17.4.33110.190
MinimumVisualStudioVersion = 10.0.40219.1
Project("{9A19103F-16F7-4668-BE54-9A1E7A4F7556}") = "Game", "Game\Game.csproj", "{C8A4EC2D-EB52-4CC2-A827-94D7131FF50A}"
EndProject
Project("{2150E333-8FDC-42A3-9474-1A3956D46DE8}") = "Test", "Test", "{200A1D2F-0F81-4401-96CC-A8279DA06F1D}"
EndProject
Project("{FAE04EC0-301F-11D3-BF4B-00C04F79EFBC}") = "GameTest1", "GameTest\GameTest1\GameTest1.csproj", "{20A9329C-4E71-4446-A9F8-760BC19F59AF}"
EndProject
Global
	GlobalSection(SolutionConfigurationPlatforms) = preSolution
		Debug|Any CPU = Debug|Any CPU
		Release|Any CPU = Release|Any CPU
	EndGlobalSection
	GlobalSection(ProjectConfigurationPlatforms) = postSolution
		{C8A4EC2D-EB52-4CC2-A827-94D7131FF50A}.Debug|Any CPU.ActiveCfg = Debug|Any CPU
		{C8A4EC2D-EB52-4CC2-A827-94D7131FF50A}.Debug|Any CPU.Build.0 = Debug|Any CPU
		{C8A4EC2D-EB52-4CC2-A827-94D7131FF50A}.Release|Any CPU.ActiveCfg = Release|Any CPU
		{C8A4EC2D-EB52-4CC2-A827-94D7131FF50A}.Release|Any CPU.Build.0 = Release|Any CPU
		{20A9329C-4E71-4446-A9F8-760BC19F59AF}.Debug|Any CPU.ActiveCfg = Debug|Any CPU
		{20A9329C-4E71-4446-A9F8-760BC19F59AF}.Debug|Any CPU.Build.0 = Debug|Any CPU
		{20A9329C-4E71-4446-A9F8-760BC19F59AF}.Release|Any CPU.ActiveCfg = Release|Any CPU
		{20A9329C-4E71-4446-A9F8-760BC19F59AF}.Release|Any CPU.Build.0 = Release|Any CPU
	EndGlobalSection
	GlobalSection(SolutionProperties) = preSolution
		HideSolutionNode = FALSE
	EndGlobalSection
	GlobalSection(NestedProjects) = preSolution
		{20A9329C-4E71-4446-A9F8-760BC19F59AF} = {200A1D2F-0F81-4401-96CC-A8279DA06F1D}
	EndGlobalSection
	GlobalSection(ExtensibilityGlobals) = postSolution
		SolutionGuid = {8736719A-5A53-493F-8F9A-54160D881732}
	EndGlobalSection
EndGlobal
